// !$*UTF8*$!
{
	archiveVersion = 1;
	classes = {
	};
	objectVersion = 48;
	objects = {

/* Begin PBXBuildFile section */
		8E9FED8620794A3000E302F1 /* AppDelegate.swift in Sources */ = {isa = PBXBuildFile; fileRef = 8E9FED8520794A3000E302F1 /* AppDelegate.swift */; };
		8E9FED8820794A3000E302F1 /* ViewController.swift in Sources */ = {isa = PBXBuildFile; fileRef = 8E9FED8720794A3000E302F1 /* ViewController.swift */; };
		8E9FED8B20794A3000E302F1 /* Main.storyboard in Resources */ = {isa = PBXBuildFile; fileRef = 8E9FED8920794A3000E302F1 /* Main.storyboard */; };
		8E9FED8D20794A3000E302F1 /* Assets.xcassets in Resources */ = {isa = PBXBuildFile; fileRef = 8E9FED8C20794A3000E302F1 /* Assets.xcassets */; };
		8E9FED9020794A3000E302F1 /* LaunchScreen.storyboard in Resources */ = {isa = PBXBuildFile; fileRef = 8E9FED8E20794A3000E302F1 /* LaunchScreen.storyboard */; };
		8E9FED9B20794A3100E302F1 /* BotonesTests.swift in Sources */ = {isa = PBXBuildFile; fileRef = 8E9FED9A20794A3100E302F1 /* BotonesTests.swift */; };
		8E9FEDA620794A3100E302F1 /* BotonesUITests.swift in Sources */ = {isa = PBXBuildFile; fileRef = 8E9FEDA520794A3100E302F1 /* BotonesUITests.swift */; };
/* End PBXBuildFile section */

/* Begin PBXContainerItemProxy section */
		8E9FED9720794A3100E302F1 /* PBXContainerItemProxy */ = {
			isa = PBXContainerItemProxy;
			containerPortal = 8E9FED7A20794A3000E302F1 /* Project object */;
			proxyType = 1;
			remoteGlobalIDString = 8E9FED8120794A3000E302F1;
			remoteInfo = Botones;
		};
		8E9FEDA220794A3100E302F1 /* PBXContainerItemProxy */ = {
			isa = PBXContainerItemProxy;
			containerPortal = 8E9FED7A20794A3000E302F1 /* Project object */;
			proxyType = 1;
			remoteGlobalIDString = 8E9FED8120794A3000E302F1;
			remoteInfo = Botones;
		};
/* End PBXContainerItemProxy section */

/* Begin PBXFileReference section */
		8E9FED8220794A3000E302F1 /* Botones.app */ = {isa = PBXFileReference; explicitFileType = wrapper.application; includeInIndex = 0; path = Botones.app; sourceTree = BUILT_PRODUCTS_DIR; };
		8E9FED8520794A3000E302F1 /* AppDelegate.swift */ = {isa = PBXFileReference; lastKnownFileType = sourcecode.swift; path = AppDelegate.swift; sourceTree = "<group>"; };
		8E9FED8720794A3000E302F1 /* ViewController.swift */ = {isa = PBXFileReference; lastKnownFileType = sourcecode.swift; path = ViewController.swift; sourceTree = "<group>"; };
		8E9FED8A20794A3000E302F1 /* Base */ = {isa = PBXFileReference; lastKnownFileType = file.storyboard; name = Base; path = Base.lproj/Main.storyboard; sourceTree = "<group>"; };
		8E9FED8C20794A3000E302F1 /* Assets.xcassets */ = {isa = PBXFileReference; lastKnownFileType = folder.assetcatalog; path = Assets.xcassets; sourceTree = "<group>"; };
		8E9FED8F20794A3000E302F1 /* Base */ = {isa = PBXFileReference; lastKnownFileType = file.storyboard; name = Base; path = Base.lproj/LaunchScreen.storyboard; sourceTree = "<group>"; };
		8E9FED9120794A3000E302F1 /* Info.plist */ = {isa = PBXFileReference; lastKnownFileType = text.plist.xml; path = Info.plist; sourceTree = "<group>"; };
		8E9FED9620794A3100E302F1 /* BotonesTests.xctest */ = {isa = PBXFileReference; explicitFileType = wrapper.cfbundle; includeInIndex = 0; path = BotonesTests.xctest; sourceTree = BUILT_PRODUCTS_DIR; };
		8E9FED9A20794A3100E302F1 /* BotonesTests.swift */ = {isa = PBXFileReference; lastKnownFileType = sourcecode.swift; path = BotonesTests.swift; sourceTree = "<group>"; };
		8E9FED9C20794A3100E302F1 /* Info.plist */ = {isa = PBXFileReference; lastKnownFileType = text.plist.xml; path = Info.plist; sourceTree = "<group>"; };
		8E9FEDA120794A3100E302F1 /* BotonesUITests.xctest */ = {isa = PBXFileReference; explicitFileType = wrapper.cfbundle; includeInIndex = 0; path = BotonesUITests.xctest; sourceTree = BUILT_PRODUCTS_DIR; };
		8E9FEDA520794A3100E302F1 /* BotonesUITests.swift */ = {isa = PBXFileReference; lastKnownFileType = sourcecode.swift; path = BotonesUITests.swift; sourceTree = "<group>"; };
		8E9FEDA720794A3100E302F1 /* Info.plist */ = {isa = PBXFileReference; lastKnownFileType = text.plist.xml; path = Info.plist; sourceTree = "<group>"; };
/* End PBXFileReference section */

/* Begin PBXFrameworksBuildPhase section */
		8E9FED7F20794A3000E302F1 /* Frameworks */ = {
			isa = PBXFrameworksBuildPhase;
			buildActionMask = 2147483647;
			files = (
			);
			runOnlyForDeploymentPostprocessing = 0;
		};
		8E9FED9320794A3100E302F1 /* Frameworks */ = {
			isa = PBXFrameworksBuildPhase;
			buildActionMask = 2147483647;
			files = (
			);
			runOnlyForDeploymentPostprocessing = 0;
		};
		8E9FED9E20794A3100E302F1 /* Frameworks */ = {
			isa = PBXFrameworksBuildPhase;
			buildActionMask = 2147483647;
			files = (
			);
			runOnlyForDeploymentPostprocessing = 0;
		};
/* End PBXFrameworksBuildPhase section */

/* Begin PBXGroup section */
		8E9FED7920794A3000E302F1 = {
			isa = PBXGroup;
			children = (
				8E9FED8420794A3000E302F1 /* Botones */,
				8E9FED9920794A3100E302F1 /* BotonesTests */,
				8E9FEDA420794A3100E302F1 /* BotonesUITests */,
				8E9FED8320794A3000E302F1 /* Products */,
			);
			sourceTree = "<group>";
		};
		8E9FED8320794A3000E302F1 /* Products */ = {
			isa = PBXGroup;
			children = (
				8E9FED8220794A3000E302F1 /* Botones.app */,
				8E9FED9620794A3100E302F1 /* BotonesTests.xctest */,
				8E9FEDA120794A3100E302F1 /* BotonesUITests.xctest */,
			);
			name = Products;
			sourceTree = "<group>";
		};
		8E9FED8420794A3000E302F1 /* Botones */ = {
			isa = PBXGroup;
			children = (
				8E9FED8520794A3000E302F1 /* AppDelegate.swift */,
				8E9FED8720794A3000E302F1 /* ViewController.swift */,
				8E9FED8920794A3000E302F1 /* Main.storyboard */,
				8E9FED8C20794A3000E302F1 /* Assets.xcassets */,
				8E9FED8E20794A3000E302F1 /* LaunchScreen.storyboard */,
				8E9FED9120794A3000E302F1 /* Info.plist */,
			);
			path = Botones;
			sourceTree = "<group>";
		};
		8E9FED9920794A3100E302F1 /* BotonesTests */ = {
			isa = PBXGroup;
			children = (
				8E9FED9A20794A3100E302F1 /* BotonesTests.swift */,
				8E9FED9C20794A3100E302F1 /* Info.plist */,
			);
			path = BotonesTests;
			sourceTree = "<group>";
		};
		8E9FEDA420794A3100E302F1 /* BotonesUITests */ = {
			isa = PBXGroup;
			children = (
				8E9FEDA520794A3100E302F1 /* BotonesUITests.swift */,
				8E9FEDA720794A3100E302F1 /* Info.plist */,
			);
			path = BotonesUITests;
			sourceTree = "<group>";
		};
/* End PBXGroup section */

/* Begin PBXNativeTarget section */
		8E9FED8120794A3000E302F1 /* Botones */ = {
			isa = PBXNativeTarget;
			buildConfigurationList = 8E9FEDAA20794A3100E302F1 /* Build configuration list for PBXNativeTarget "Botones" */;
			buildPhases = (
				8E9FED7E20794A3000E302F1 /* Sources */,
				8E9FED7F20794A3000E302F1 /* Frameworks */,
				8E9FED8020794A3000E302F1 /* Resources */,
			);
			buildRules = (
			);
			dependencies = (
			);
			name = Botones;
			productName = Botones;
			productReference = 8E9FED8220794A3000E302F1 /* Botones.app */;
			productType = "com.apple.product-type.application";
		};
		8E9FED9520794A3100E302F1 /* BotonesTests */ = {
			isa = PBXNativeTarget;
			buildConfigurationList = 8E9FEDAD20794A3100E302F1 /* Build configuration list for PBXNativeTarget "BotonesTests" */;
			buildPhases = (
				8E9FED9220794A3100E302F1 /* Sources */,
				8E9FED9320794A3100E302F1 /* Frameworks */,
				8E9FED9420794A3100E302F1 /* Resources */,
			);
			buildRules = (
			);
			dependencies = (
				8E9FED9820794A3100E302F1 /* PBXTargetDependency */,
			);
			name = BotonesTests;
			productName = BotonesTests;
			productReference = 8E9FED9620794A3100E302F1 /* BotonesTests.xctest */;
			productType = "com.apple.product-type.bundle.unit-test";
		};
		8E9FEDA020794A3100E302F1 /* BotonesUITests */ = {
			isa = PBXNativeTarget;
			buildConfigurationList = 8E9FEDB020794A3100E302F1 /* Build configuration list for PBXNativeTarget "BotonesUITests" */;
			buildPhases = (
				8E9FED9D20794A3100E302F1 /* Sources */,
				8E9FED9E20794A3100E302F1 /* Frameworks */,
				8E9FED9F20794A3100E302F1 /* Resources */,
			);
			buildRules = (
			);
			dependencies = (
				8E9FEDA320794A3100E302F1 /* PBXTargetDependency */,
			);
			name = BotonesUITests;
			productName = BotonesUITests;
			productReference = 8E9FEDA120794A3100E302F1 /* BotonesUITests.xctest */;
			productType = "com.apple.product-type.bundle.ui-testing";
		};
/* End PBXNativeTarget section */

/* Begin PBXProject section */
		8E9FED7A20794A3000E302F1 /* Project object */ = {
			isa = PBXProject;
			attributes = {
				LastSwiftUpdateCheck = 0920;
				LastUpgradeCheck = 0920;
				ORGANIZATIONNAME = "Raul Fernandez";
				TargetAttributes = {
					8E9FED8120794A3000E302F1 = {
						CreatedOnToolsVersion = 9.2;
						ProvisioningStyle = Automatic;
					};
					8E9FED9520794A3100E302F1 = {
						CreatedOnToolsVersion = 9.2;
						ProvisioningStyle = Automatic;
						TestTargetID = 8E9FED8120794A3000E302F1;
					};
					8E9FEDA020794A3100E302F1 = {
						CreatedOnToolsVersion = 9.2;
						ProvisioningStyle = Automatic;
						TestTargetID = 8E9FED8120794A3000E302F1;
					};
				};
			};
			buildConfigurationList = 8E9FED7D20794A3000E302F1 /* Build configuration list for PBXProject "Botones" */;
			compatibilityVersion = "Xcode 8.0";
			developmentRegion = en;
			hasScannedForEncodings = 0;
			knownRegions = (
				en,
				Base,
			);
			mainGroup = 8E9FED7920794A3000E302F1;
			productRefGroup = 8E9FED8320794A3000E302F1 /* Products */;
			projectDirPath = "";
			projectRoot = "";
			targets = (
				8E9FED8120794A3000E302F1 /* Botones */,
				8E9FED9520794A3100E302F1 /* BotonesTests */,
				8E9FEDA020794A3100E302F1 /* BotonesUITests */,
			);
		};
/* End PBXProject section */

/* Begin PBXResourcesBuildPhase section */
		8E9FED8020794A3000E302F1 /* Resources */ = {
			isa = PBXResourcesBuildPhase;
			buildActionMask = 2147483647;
			files = (
				8E9FED9020794A3000E302F1 /* LaunchScreen.storyboard in Resources */,
				8E9FED8D20794A3000E302F1 /* Assets.xcassets in Resources */,
				8E9FED8B20794A3000E302F1 /* Main.storyboard in Resources */,
			);
			runOnlyForDeploymentPostprocessing = 0;
		};
		8E9FED9420794A3100E302F1 /* Resources */ = {
			isa = PBXResourcesBuildPhase;
			buildActionMask = 2147483647;
			files = (
			);
			runOnlyForDeploymentPostprocessing = 0;
		};
		8E9FED9F20794A3100E302F1 /* Resources */ = {
			isa = PBXResourcesBuildPhase;
			buildActionMask = 2147483647;
			files = (
			);
			runOnlyForDeploymentPostprocessing = 0;
		};
/* End PBXResourcesBuildPhase section */

/* Begin PBXSourcesBuildPhase section */
		8E9FED7E20794A3000E302F1 /* Sources */ = {
			isa = PBXSourcesBuildPhase;
			buildActionMask = 2147483647;
			files = (
				8E9FED8820794A3000E302F1 /* ViewController.swift in Sources */,
				8E9FED8620794A3000E302F1 /* AppDelegate.swift in Sources */,
			);
			runOnlyForDeploymentPostprocessing = 0;
		};
		8E9FED9220794A3100E302F1 /* Sources */ = {
			isa = PBXSourcesBuildPhase;
			buildActionMask = 2147483647;
			files = (
				8E9FED9B20794A3100E302F1 /* BotonesTests.swift in Sources */,
			);
			runOnlyForDeploymentPostprocessing = 0;
		};
		8E9FED9D20794A3100E302F1 /* Sources */ = {
			isa = PBXSourcesBuildPhase;
			buildActionMask = 2147483647;
			files = (
				8E9FEDA620794A3100E302F1 /* BotonesUITests.swift in Sources */,
			);
			runOnlyForDeploymentPostprocessing = 0;
		};
/* End PBXSourcesBuildPhase section */

/* Begin PBXTargetDependency section */
		8E9FED9820794A3100E302F1 /* PBXTargetDependency */ = {
			isa = PBXTargetDependency;
			target = 8E9FED8120794A3000E302F1 /* Botones */;
			targetProxy = 8E9FED9720794A3100E302F1 /* PBXContainerItemProxy */;
		};
		8E9FEDA320794A3100E302F1 /* PBXTargetDependency */ = {
			isa = PBXTargetDependency;
			target = 8E9FED8120794A3000E302F1 /* Botones */;
			targetProxy = 8E9FEDA220794A3100E302F1 /* PBXContainerItemProxy */;
		};
/* End PBXTargetDependency section */

/* Begin PBXVariantGroup section */
		8E9FED8920794A3000E302F1 /* Main.storyboard */ = {
			isa = PBXVariantGroup;
			children = (
				8E9FED8A20794A3000E302F1 /* Base */,
			);
			name = Main.storyboard;
			sourceTree = "<group>";
		};
		8E9FED8E20794A3000E302F1 /* LaunchScreen.storyboard */ = {
			isa = PBXVariantGroup;
			children = (
				8E9FED8F20794A3000E302F1 /* Base */,
			);
			name = LaunchScreen.storyboard;
			sourceTree = "<group>";
		};
/* End PBXVariantGroup section */

/* Begin XCBuildConfiguration section */
		8E9FEDA820794A3100E302F1 /* Debug */ = {
			isa = XCBuildConfiguration;
			buildSettings = {
				ALWAYS_SEARCH_USER_PATHS = NO;
				CLANG_ANALYZER_NONNULL = YES;
				CLANG_ANALYZER_NUMBER_OBJECT_CONVERSION = YES_AGGRESSIVE;
				CLANG_CXX_LANGUAGE_STANDARD = "gnu++14";
				CLANG_CXX_LIBRARY = "libc++";
				CLANG_ENABLE_MODULES = YES;
				CLANG_ENABLE_OBJC_ARC = YES;
				CLANG_WARN_BLOCK_CAPTURE_AUTORELEASING = YES;
				CLANG_WARN_BOOL_CONVERSION = YES;
				CLANG_WARN_COMMA = YES;
				CLANG_WARN_CONSTANT_CONVERSION = YES;
				CLANG_WARN_DIRECT_OBJC_ISA_USAGE = YES_ERROR;
				CLANG_WARN_DOCUMENTATION_COMMENTS = YES;
				CLANG_WARN_EMPTY_BODY = YES;
				CLANG_WARN_ENUM_CONVERSION = YES;
				CLANG_WARN_INFINITE_RECURSION = YES;
				CLANG_WARN_INT_CONVERSION = YES;
				CLANG_WARN_NON_LITERAL_NULL_CONVERSION = YES;
				CLANG_WARN_OBJC_LITERAL_CONVERSION = YES;
				CLANG_WARN_OBJC_ROOT_CLASS = YES_ERROR;
				CLANG_WARN_RANGE_LOOP_ANALYSIS = YES;
				CLANG_WARN_STRICT_PROTOTYPES = YES;
				CLANG_WARN_SUSPICIOUS_MOVE = YES;
				CLANG_WARN_UNGUARDED_AVAILABILITY = YES_AGGRESSIVE;
				CLANG_WARN_UNREACHABLE_CODE = YES;
				CLANG_WARN__DUPLICATE_METHOD_MATCH = YES;
				CODE_SIGN_IDENTITY = "iPhone Developer";
				COPY_PHASE_STRIP = NO;
				DEBUG_INFORMATION_FORMAT = dwarf;
				ENABLE_STRICT_OBJC_MSGSEND = YES;
				ENABLE_TESTABILITY = YES;
				GCC_C_LANGUAGE_STANDARD = gnu11;
				GCC_DYNAMIC_NO_PIC = NO;
				GCC_NO_COMMON_BLOCKS = YES;
				GCC_OPTIMIZATION_LEVEL = 0;
				GCC_PREPROCESSOR_DEFINITIONS = (
					"DEBUG=1",
					"$(inherited)",
				);
				GCC_WARN_64_TO_32_BIT_CONVERSION = YES;
				GCC_WARN_ABOUT_RETURN_TYPE = YES_ERROR;
				GCC_WARN_UNDECLARED_SELECTOR = YES;
				GCC_WARN_UNINITIALIZED_AUTOS = YES_AGGRESSIVE;
				GCC_WARN_UNUSED_FUNCTION = YES;
				GCC_WARN_UNUSED_VARIABLE = YES;
				IPHONEOS_DEPLOYMENT_TARGET = 11.2;
				MTL_ENABLE_DEBUG_INFO = YES;
				ONLY_ACTIVE_ARCH = YES;
				SDKROOT = iphoneos;
				SWIFT_ACTIVE_COMPILATION_CONDITIONS = DEBUG;
				SWIFT_OPTIMIZATION_LEVEL = "-Onone";
			};
			name = Debug;
		};
		8E9FEDA920794A3100E302F1 /* Release */ = {
			isa = XCBuildConfiguration;
			buildSettings = {
				ALWAYS_SEARCH_USER_PATHS = NO;
				CLANG_ANALYZER_NONNULL = YES;
				CLANG_ANALYZER_NUMBER_OBJECT_CONVERSION = YES_AGGRESSIVE;
				CLANG_CXX_LANGUAGE_STANDARD = "gnu++14";
				CLANG_CXX_LIBRARY = "libc++";
				CLANG_ENABLE_MODULES = YES;
				CLANG_ENABLE_OBJC_ARC = YES;
				CLANG_WARN_BLOCK_CAPTURE_AUTORELEASING = YES;
				CLANG_WARN_BOOL_CONVERSION = YES;
				CLANG_WARN_COMMA = YES;
				CLANG_WARN_CONSTANT_CONVERSION = YES;
				CLANG_WARN_DIRECT_OBJC_ISA_USAGE = YES_ERROR;
				CLANG_WARN_DOCUMENTATION_COMMENTS = YES;
				CLANG_WARN_EMPTY_BODY = YES;
				CLANG_WARN_ENUM_CONVERSION = YES;
				CLANG_WARN_INFINITE_RECURSION = YES;
				CLANG_WARN_INT_CONVERSION = YES;
				CLANG_WARN_NON_LITERAL_NULL_CONVERSION = YES;
				CLANG_WARN_OBJC_LITERAL_CONVERSION = YES;
				CLANG_WARN_OBJC_ROOT_CLASS = YES_ERROR;
				CLANG_WARN_RANGE_LOOP_ANALYSIS = YES;
				CLANG_WARN_STRICT_PROTOTYPES = YES;
				CLANG_WARN_SUSPICIOUS_MOVE = YES;
				CLANG_WARN_UNGUARDED_AVAILABILITY = YES_AGGRESSIVE;
				CLANG_WARN_UNREACHABLE_CODE = YES;
				CLANG_WARN__DUPLICATE_METHOD_MATCH = YES;
				CODE_SIGN_IDENTITY = "iPhone Developer";
				COPY_PHASE_STRIP = NO;
				DEBUG_INFORMATION_FORMAT = "dwarf-with-dsym";
				ENABLE_NS_ASSERTIONS = NO;
				ENABLE_STRICT_OBJC_MSGSEND = YES;
				GCC_C_LANGUAGE_STANDARD = gnu11;
				GCC_NO_COMMON_BLOCKS = YES;
				GCC_WARN_64_TO_32_BIT_CONVERSION = YES;
				GCC_WARN_ABOUT_RETURN_TYPE = YES_ERROR;
				GCC_WARN_UNDECLARED_SELECTOR = YES;
				GCC_WARN_UNINITIALIZED_AUTOS = YES_AGGRESSIVE;
				GCC_WARN_UNUSED_FUNCTION = YES;
				GCC_WARN_UNUSED_VARIABLE = YES;
				IPHONEOS_DEPLOYMENT_TARGET = 11.2;
				MTL_ENABLE_DEBUG_INFO = NO;
				SDKROOT = iphoneos;
				SWIFT_OPTIMIZATION_LEVEL = "-Owholemodule";
				VALIDATE_PRODUCT = YES;
			};
			name = Release;
		};
		8E9FEDAB20794A3100E302F1 /* Debug */ = {
			isa = XCBuildConfiguration;
			buildSettings = {
				ASSETCATALOG_COMPILER_APPICON_NAME = AppIcon;
				CODE_SIGN_STYLE = Automatic;
				DEVELOPMENT_TEAM = X98A4Z6A9P;
				INFOPLIST_FILE = Botones/Info.plist;
				LD_RUNPATH_SEARCH_PATHS = "$(inherited) @executable_path/Frameworks";
				PRODUCT_BUNDLE_IDENTIFIER = com.rakuhsapps.Botones;
				PRODUCT_NAME = "$(TARGET_NAME)";
				SWIFT_VERSION = 4.0;
				TARGETED_DEVICE_FAMILY = "1,2";
			};
			name = Debug;
		};
		8E9FEDAC20794A3100E302F1 /* Release */ = {
			isa = XCBuildConfiguration;
			buildSettings = {
				ASSETCATALOG_COMPILER_APPICON_NAME = AppIcon;
				CODE_SIGN_STYLE = Automatic;
				DEVELOPMENT_TEAM = X98A4Z6A9P;
				INFOPLIST_FILE = Botones/Info.plist;
				LD_RUNPATH_SEARCH_PATHS = "$(inherited) @executable_path/Frameworks";
				PRODUCT_BUNDLE_IDENTIFIER = com.rakuhsapps.Botones;
				PRODUCT_NAME = "$(TARGET_NAME)";
				SWIFT_VERSION = 4.0;
				TARGETED_DEVICE_FAMILY = "1,2";
			};
			name = Release;
		};
		8E9FEDAE20794A3100E302F1 /* Debug */ = {
			isa = XCBuildConfiguration;
			buildSettings = {
				ALWAYS_EMBED_SWIFT_STANDARD_LIBRARIES = YES;
				BUNDLE_LOADER = "$(TEST_HOST)";
				CODE_SIGN_STYLE = Automatic;
				DEVELOPMENT_TEAM = X98A4Z6A9P;
				INFOPLIST_FILE = BotonesTests/Info.plist;
				LD_RUNPATH_SEARCH_PATHS = "$(inherited) @executable_path/Frameworks @loader_path/Frameworks";
				PRODUCT_BUNDLE_IDENTIFIER = com.rakuhsapps.BotonesTests;
				PRODUCT_NAME = "$(TARGET_NAME)";
				SWIFT_VERSION = 4.0;
				TARGETED_DEVICE_FAMILY = "1,2";
				TEST_HOST = "$(BUILT_PRODUCTS_DIR)/Botones.app/Botones";
			};
			name = Debug;
		};
		8E9FEDAF20794A3100E302F1 /* Release */ = {
			isa = XCBuildConfiguration;
			buildSettings = {
				ALWAYS_EMBED_SWIFT_STANDARD_LIBRARIES = YES;
				BUNDLE_LOADER = "$(TEST_HOST)";
				CODE_SIGN_STYLE = Automatic;
				DEVELOPMENT_TEAM = X98A4Z6A9P;
				INFOPLIST_FILE = BotonesTests/Info.plist;
				LD_RUNPATH_SEARCH_PATHS = "$(inherited) @executable_path/Frameworks @loader_path/Frameworks";
				PRODUCT_BUNDLE_IDENTIFIER = com.rakuhsapps.BotonesTests;
				PRODUCT_NAME = "$(TARGET_NAME)";
				SWIFT_VERSION = 4.0;
				TARGETED_DEVICE_FAMILY = "1,2";
				TEST_HOST = "$(BUILT_PRODUCTS_DIR)/Botones.app/Botones";
			};
			name = Release;
		};
		8E9FEDB120794A3100E302F1 /* Debug */ = {
			isa = XCBuildConfiguration;
			buildSettings = {
				ALWAYS_EMBED_SWIFT_STANDARD_LIBRARIES = YES;
				CODE_SIGN_STYLE = Automatic;
				DEVELOPMENT_TEAM = X98A4Z6A9P;
				INFOPLIST_FILE = BotonesUITests/Info.plist;
				LD_RUNPATH_SEARCH_PATHS = "$(inherited) @executable_path/Frameworks @loader_path/Frameworks";
				PRODUCT_BUNDLE_IDENTIFIER = com.rakuhsapps.BotonesUITests;
				PRODUCT_NAME = "$(TARGET_NAME)";
				SWIFT_VERSION = 4.0;
				TARGETED_DEVICE_FAMILY = "1,2";
				TEST_TARGET_NAME = Botones;
			};
			name = Debug;
		};
		8E9FEDB220794A3100E302F1 /* Release */ = {
			isa = XCBuildConfiguration;
			buildSettings = {
				ALWAYS_EMBED_SWIFT_STANDARD_LIBRARIES = YES;
				CODE_SIGN_STYLE = Automatic;
				DEVELOPMENT_TEAM = X98A4Z6A9P;
				INFOPLIST_FILE = BotonesUITests/Info.plist;
				LD_RUNPATH_SEARCH_PATHS = "$(inherited) @executable_path/Frameworks @loader_path/Frameworks";
				PRODUCT_BUNDLE_IDENTIFIER = com.rakuhsapps.BotonesUITests;
				PRODUCT_NAME = "$(TARGET_NAME)";
				SWIFT_VERSION = 4.0;
				TARGETED_DEVICE_FAMILY = "1,2";
				TEST_TARGET_NAME = Botones;
			};
			name = Release;
		};
/* End XCBuildConfiguration section */

/* Begin XCConfigurationList section */
		8E9FED7D20794A3000E302F1 /* Build configuration list for PBXProject "Botones" */ = {
			isa = XCConfigurationList;
			buildConfigurations = (
				8E9FEDA820794A3100E302F1 /* Debug */,
				8E9FEDA920794A3100E302F1 /* Release */,
			);
			defaultConfigurationIsVisible = 0;
			defaultConfigurationName = Release;
		};
		8E9FEDAA20794A3100E302F1 /* Build configuration list for PBXNativeTarget "Botones" */ = {
			isa = XCConfigurationList;
			buildConfigurations = (
				8E9FEDAB20794A3100E302F1 /* Debug */,
				8E9FEDAC20794A3100E302F1 /* Release */,
			);
			defaultConfigurationIsVisible = 0;
			defaultConfigurationName = Release;
		};
		8E9FEDAD20794A3100E302F1 /* Build configuration list for PBXNativeTarget "BotonesTests" */ = {
			isa = XCConfigurationList;
			buildConfigurations = (
				8E9FEDAE20794A3100E302F1 /* Debug */,
				8E9FEDAF20794A3100E302F1 /* Release */,
			);
			defaultConfigurationIsVisible = 0;
			defaultConfigurationName = Release;
		};
		8E9FEDB020794A3100E302F1 /* Build configuration list for PBXNativeTarget "BotonesUITests" */ = {
			isa = XCConfigurationList;
			buildConfigurations = (
				8E9FEDB120794A3100E302F1 /* Debug */,
				8E9FEDB220794A3100E302F1 /* Release */,
			);
			defaultConfigurationIsVisible = 0;
			defaultConfigurationName = Release;
		};
/* End XCConfigurationList section */
	};
	rootObject = 8E9FED7A20794A3000E302F1 /* Project object */;
}
